// !$*UTF8*$!
{
	archiveVersion = 1;
	classes = {
	};
	objectVersion = 45;
	objects = {

/* Begin PBXBuildFile section */
		8206408905C4498F00AD0F0B /* MainMenu.nib in Resources */ = {isa = PBXBuildFile; fileRef = 8206408705C4498F00AD0F0B /* MainMenu.nib */; };
		8206409005C44C8C00AD0F0B /* HTController.h in Headers */ = {isa = PBXBuildFile; fileRef = 8206408E05C44C8C00AD0F0B /* HTController.h */; };
		8206409105C44C8C00AD0F0B /* HTController.m in Sources */ = {isa = PBXBuildFile; fileRef = 8206408F05C44C8C00AD0F0B /* HTController.m */; };
		8206409405C44C9800AD0F0B /* HTFormatter.h in Headers */ = {isa = PBXBuildFile; fileRef = 8206409205C44C9800AD0F0B /* HTFormatter.h */; };
		8206409505C44C9800AD0F0B /* HTFormatter.m in Sources */ = {isa = PBXBuildFile; fileRef = 8206409305C44C9800AD0F0B /* HTFormatter.m */; };
		8206410A05C47B7B00AD0F0B /* Credits.rtf in Resources */ = {isa = PBXBuildFile; fileRef = 8206410905C47B7B00AD0F0B /* Credits.rtf */; };
		8206410C05C4841C00AD0F0B /* HTIcon.icns in Resources */ = {isa = PBXBuildFile; fileRef = 8206410B05C4841C00AD0F0B /* HTIcon.icns */; };
		8206C08605C4CE3800D3EDA3 /* COPYING.txt in Resources */ = {isa = PBXBuildFile; fileRef = 8206C08505C4CE3800D3EDA3 /* COPYING.txt */; };
		8240AEF605C4D1FF00373CDF /* libgmp.a in Frameworks */ = {isa = PBXBuildFile; fileRef = 8240AEF505C4D1FF00373CDF /* libgmp.a */; };
		8D1107280486CEB800E47090 /* HexToaster_Prefix.pch in Headers */ = {isa = PBXBuildFile; fileRef = 32CA4F630368D1EE00C91783 /* HexToaster_Prefix.pch */; };
		8D11072B0486CEB800E47090 /* InfoPlist.strings in Resources */ = {isa = PBXBuildFile; fileRef = 089C165CFE840E0CC02AAC07 /* InfoPlist.strings */; };
		8D11072D0486CEB800E47090 /* main.m in Sources */ = {isa = PBXBuildFile; fileRef = 29B97316FDCFA39411CA2CEA /* main.m */; settings = {ATTRIBUTES = (); }; };
		8D11072F0486CEB800E47090 /* Cocoa.framework in Frameworks */ = {isa = PBXBuildFile; fileRef = 1058C7A1FEA54F0111CA2CBB /* Cocoa.framework */; };
/* End PBXBuildFile section */

/* Begin PBXFileReference section */
		089C165DFE840E0CC02AAC07 /* English */ = {isa = PBXFileReference; fileEncoding = 10; lastKnownFileType = text.plist.strings; name = English; path = English.lproj/InfoPlist.strings; sourceTree = "<group>"; };
		1058C7A1FEA54F0111CA2CBB /* Cocoa.framework */ = {isa = PBXFileReference; lastKnownFileType = wrapper.framework; name = Cocoa.framework; path = /System/Library/Frameworks/Cocoa.framework; sourceTree = "<absolute>"; };
		29B97316FDCFA39411CA2CEA /* main.m */ = {isa = PBXFileReference; fileEncoding = 30; lastKnownFileType = sourcecode.c.objc; name = main.m; path = HexToaster/main.m; sourceTree = SOURCE_ROOT; };
		29B97324FDCFA39411CA2CEA /* AppKit.framework */ = {isa = PBXFileReference; lastKnownFileType = wrapper.framework; name = AppKit.framework; path = /System/Library/Frameworks/AppKit.framework; sourceTree = "<absolute>"; };
		29B97325FDCFA39411CA2CEA /* Foundation.framework */ = {isa = PBXFileReference; lastKnownFileType = wrapper.framework; name = Foundation.framework; path = /System/Library/Frameworks/Foundation.framework; sourceTree = "<absolute>"; };
		32CA4F630368D1EE00C91783 /* HexToaster_Prefix.pch */ = {isa = PBXFileReference; fileEncoding = 4; lastKnownFileType = sourcecode.c.h; name = HexToaster_Prefix.pch; path = HexToaster/HexToaster_Prefix.pch; sourceTree = SOURCE_ROOT; };
		8206408805C4498F00AD0F0B /* English */ = {isa = PBXFileReference; lastKnownFileType = wrapper.nib; name = English; path = English.lproj/MainMenu.nib; sourceTree = "<group>"; };
		8206408E05C44C8C00AD0F0B /* HTController.h */ = {isa = PBXFileReference; fileEncoding = 30; lastKnownFileType = sourcecode.c.h; name = HTController.h; path = HexToaster/HTController.h; sourceTree = SOURCE_ROOT; };
		8206408F05C44C8C00AD0F0B /* HTController.m */ = {isa = PBXFileReference; fileEncoding = 30; lastKnownFileType = sourcecode.c.objc; name = HTController.m; path = HexToaster/HTController.m; sourceTree = SOURCE_ROOT; };
		8206409205C44C9800AD0F0B /* HTFormatter.h */ = {isa = PBXFileReference; fileEncoding = 30; lastKnownFileType = sourcecode.c.h; name = HTFormatter.h; path = HexToaster/HTFormatter.h; sourceTree = SOURCE_ROOT; };
		8206409305C44C9800AD0F0B /* HTFormatter.m */ = {isa = PBXFileReference; fileEncoding = 30; lastKnownFileType = sourcecode.c.objc; name = HTFormatter.m; path = HexToaster/HTFormatter.m; sourceTree = SOURCE_ROOT; };
		8206410905C47B7B00AD0F0B /* Credits.rtf */ = {isa = PBXFileReference; lastKnownFileType = text.rtf; name = Credits.rtf; path = HexToaster/Credits.rtf; sourceTree = SOURCE_ROOT; };
		8206410B05C4841C00AD0F0B /* HTIcon.icns */ = {isa = PBXFileReference; lastKnownFileType = image.icns; name = HTIcon.icns; path = HexToaster/HTIcon.icns; sourceTree = SOURCE_ROOT; };
		8206C08505C4CE3800D3EDA3 /* COPYING.txt */ = {isa = PBXFileReference; fileEncoding = 30; lastKnownFileType = text; path = COPYING.txt; sourceTree = "<group>"; };
		82131722212639D5006D1E52 /* HexToaster.entitlements */ = {isa = PBXFileReference; lastKnownFileType = text.plist.entitlements; name = HexToaster.entitlements; path = HexToaster/HexToaster.entitlements; sourceTree = SOURCE_ROOT; };
		8240AEF505C4D1FF00373CDF /* libgmp.a */ = {isa = PBXFileReference; explicitFileType = archive.ar; name = libgmp.a; path = /usr/local/lib/libgmp.a; sourceTree = "<absolute>"; };
		8D1107310486CEB800E47090 /* Info.plist */ = {isa = PBXFileReference; fileEncoding = 4; lastKnownFileType = text.plist.xml; name = Info.plist; path = HexToaster/Info.plist; sourceTree = SOURCE_ROOT; };
		8D1107320486CEB800E47090 /* HexToaster.app */ = {isa = PBXFileReference; explicitFileType = wrapper.application; includeInIndex = 0; path = HexToaster.app; sourceTree = BUILT_PRODUCTS_DIR; };
/* End PBXFileReference section */

/* Begin PBXFrameworksBuildPhase section */
		8D11072E0486CEB800E47090 /* Frameworks */ = {
			isa = PBXFrameworksBuildPhase;
			buildActionMask = 2147483647;
			files = (
				8D11072F0486CEB800E47090 /* Cocoa.framework in Frameworks */,
				8240AEF605C4D1FF00373CDF /* libgmp.a in Frameworks */,
			);
			runOnlyForDeploymentPostprocessing = 0;
		};
/* End PBXFrameworksBuildPhase section */

/* Begin PBXGroup section */
		1058C7A0FEA54F0111CA2CBB /* Linked Frameworks */ = {
			isa = PBXGroup;
			children = (
				8240AEF505C4D1FF00373CDF /* libgmp.a */,
				1058C7A1FEA54F0111CA2CBB /* Cocoa.framework */,
			);
			name = "Linked Frameworks";
			sourceTree = "<group>";
		};
		1058C7A2FEA54F0111CA2CBB /* Other Frameworks */ = {
			isa = PBXGroup;
			children = (
				29B97325FDCFA39411CA2CEA /* Foundation.framework */,
				29B97324FDCFA39411CA2CEA /* AppKit.framework */,
			);
			name = "Other Frameworks";
			sourceTree = "<group>";
		};
		19C28FACFE9D520D11CA2CBB /* Products */ = {
			isa = PBXGroup;
			children = (
				8D1107320486CEB800E47090 /* HexToaster.app */,
			);
			name = Products;
			sourceTree = "<group>";
		};
		29B97314FDCFA39411CA2CEA /* HexToaster */ = {
			isa = PBXGroup;
			children = (
				82131722212639D5006D1E52 /* HexToaster.entitlements */,
				32CA4F630368D1EE00C91783 /* HexToaster_Prefix.pch */,
				29B97316FDCFA39411CA2CEA /* main.m */,
				8206408E05C44C8C00AD0F0B /* HTController.h */,
				8206408F05C44C8C00AD0F0B /* HTController.m */,
				8206409205C44C9800AD0F0B /* HTFormatter.h */,
				8206409305C44C9800AD0F0B /* HTFormatter.m */,
				29B97317FDCFA39411CA2CEA /* Resources */,
				29B97323FDCFA39411CA2CEA /* Frameworks */,
				19C28FACFE9D520D11CA2CBB /* Products */,
			);
			name = HexToaster;
			sourceTree = "<group>";
		};
		29B97317FDCFA39411CA2CEA /* Resources */ = {
			isa = PBXGroup;
			children = (
				8206C08505C4CE3800D3EDA3 /* COPYING.txt */,
				8206410905C47B7B00AD0F0B /* Credits.rtf */,
				8206410B05C4841C00AD0F0B /* HTIcon.icns */,
				8206408705C4498F00AD0F0B /* MainMenu.nib */,
				8D1107310486CEB800E47090 /* Info.plist */,
				089C165CFE840E0CC02AAC07 /* InfoPlist.strings */,
			);
			name = Resources;
			sourceTree = "<group>";
		};
		29B97323FDCFA39411CA2CEA /* Frameworks */ = {
			isa = PBXGroup;
			children = (
				1058C7A0FEA54F0111CA2CBB /* Linked Frameworks */,
				1058C7A2FEA54F0111CA2CBB /* Other Frameworks */,
			);
			name = Frameworks;
			sourceTree = "<group>";
		};
/* End PBXGroup section */

/* Begin PBXHeadersBuildPhase section */
		8D1107270486CEB800E47090 /* Headers */ = {
			isa = PBXHeadersBuildPhase;
			buildActionMask = 2147483647;
			files = (
				8D1107280486CEB800E47090 /* HexToaster_Prefix.pch in Headers */,
				8206409005C44C8C00AD0F0B /* HTController.h in Headers */,
				8206409405C44C9800AD0F0B /* HTFormatter.h in Headers */,
			);
			runOnlyForDeploymentPostprocessing = 0;
		};
/* End PBXHeadersBuildPhase section */

/* Begin PBXNativeTarget section */
		8D1107260486CEB800E47090 /* HexToaster */ = {
			isa = PBXNativeTarget;
			buildConfigurationList = 8250ADFC097EA7A100CB08AD /* Build configuration list for PBXNativeTarget "HexToaster" */;
			buildPhases = (
				8D1107270486CEB800E47090 /* Headers */,
				8D1107290486CEB800E47090 /* Resources */,
				8D11072C0486CEB800E47090 /* Sources */,
				8D11072E0486CEB800E47090 /* Frameworks */,
			);
			buildRules = (
			);
			dependencies = (
			);
			name = HexToaster;
			productInstallPath = "$(HOME)/Applications";
			productName = HexToaster;
			productReference = 8D1107320486CEB800E47090 /* HexToaster.app */;
			productType = "com.apple.product-type.application";
		};
/* End PBXNativeTarget section */

/* Begin PBXProject section */
		29B97313FDCFA39411CA2CEA /* Project object */ = {
			isa = PBXProject;
			attributes = {
				TargetAttributes = {
					8D1107260486CEB800E47090 = {
						SystemCapabilities = {
							com.apple.Sandbox = {
								enabled = 1;
							};
						};
					};
				};
			};
			buildConfigurationList = 8250AE00097EA7A100CB08AD /* Build configuration list for PBXProject "HexToaster" */;
			compatibilityVersion = "Xcode 2.4";
			developmentRegion = en;
			hasScannedForEncodings = 1;
			knownRegions = (
				en,
			);
			mainGroup = 29B97314FDCFA39411CA2CEA /* HexToaster */;
			projectDirPath = "";
			projectRoot = "";
			targets = (
				8D1107260486CEB800E47090 /* HexToaster */,
			);
		};
/* End PBXProject section */

/* Begin PBXResourcesBuildPhase section */
		8D1107290486CEB800E47090 /* Resources */ = {
			isa = PBXResourcesBuildPhase;
			buildActionMask = 2147483647;
			files = (
				8D11072B0486CEB800E47090 /* InfoPlist.strings in Resources */,
				8206408905C4498F00AD0F0B /* MainMenu.nib in Resources */,
				8206410A05C47B7B00AD0F0B /* Credits.rtf in Resources */,
				8206410C05C4841C00AD0F0B /* HTIcon.icns in Resources */,
				8206C08605C4CE3800D3EDA3 /* COPYING.txt in Resources */,
			);
			runOnlyForDeploymentPostprocessing = 0;
		};
/* End PBXResourcesBuildPhase section */

/* Begin PBXSourcesBuildPhase section */
		8D11072C0486CEB800E47090 /* Sources */ = {
			isa = PBXSourcesBuildPhase;
			buildActionMask = 2147483647;
			files = (
				8D11072D0486CEB800E47090 /* main.m in Sources */,
				8206409105C44C8C00AD0F0B /* HTController.m in Sources */,
				8206409505C44C9800AD0F0B /* HTFormatter.m in Sources */,
			);
			runOnlyForDeploymentPostprocessing = 0;
		};
/* End PBXSourcesBuildPhase section */

/* Begin PBXVariantGroup section */
		089C165CFE840E0CC02AAC07 /* InfoPlist.strings */ = {
			isa = PBXVariantGroup;
			children = (
				089C165DFE840E0CC02AAC07 /* English */,
			);
			name = InfoPlist.strings;
			path = HexToaster;
			sourceTree = SOURCE_ROOT;
		};
		8206408705C4498F00AD0F0B /* MainMenu.nib */ = {
			isa = PBXVariantGroup;
			children = (
				8206408805C4498F00AD0F0B /* English */,
			);
			name = MainMenu.nib;
			path = HexToaster;
			sourceTree = SOURCE_ROOT;
		};
/* End PBXVariantGroup section */

/* Begin XCBuildConfiguration section */
		8250ADFD097EA7A100CB08AD /* Development */ = {
			isa = XCBuildConfiguration;
			buildSettings = {
				CODE_SIGN_ENTITLEMENTS = HexToaster/HexToaster.entitlements;
				CODE_SIGN_IDENTITY = "Developer ID Application";
				CODE_SIGN_STYLE = Manual;
				COPY_PHASE_STRIP = NO;
				DEBUGGING_SYMBOLS = YES;
				DEVELOPMENT_TEAM = 7D3K4AUUW9;
				GCC_DYNAMIC_NO_PIC = NO;
				GCC_ENABLE_FIX_AND_CONTINUE = YES;
				GCC_ENABLE_TRIGRAPHS = NO;
				GCC_GENERATE_DEBUGGING_SYMBOLS = YES;
				GCC_OPTIMIZATION_LEVEL = 0;
				GCC_PRECOMPILE_PREFIX_HEADER = YES;
				GCC_PREFIX_HEADER = HexToaster/HexToaster_Prefix.pch;
				GCC_WARN_ABOUT_MISSING_PROTOTYPES = NO;
				GCC_WARN_FOUR_CHARACTER_CONSTANTS = NO;
				GCC_WARN_UNKNOWN_PRAGMAS = NO;
				INFOPLIST_FILE = "$(SRCROOT)/HexToaster/Info.plist";
				MACOSX_DEPLOYMENT_TARGET = 10.9;
				OTHER_CFLAGS = "";
				OTHER_LDFLAGS = "";
				PRODUCT_BUNDLE_IDENTIFIER = org.toast442.HexToaster;
				PRODUCT_NAME = HexToaster;
				PROVISIONING_PROFILE_SPECIFIER = "";
				SECTORDER_FLAGS = "";
				WARNING_CFLAGS = (
					"-Wmost",
					"-Wno-four-char-constants",
					"-Wno-unknown-pragmas",
				);
				WRAPPER_EXTENSION = app;
				ZERO_LINK = NO;
			};
			name = Development;
		};
		8250ADFE097EA7A100CB08AD /* Deployment */ = {
			isa = XCBuildConfiguration;
			buildSettings = {
				CODE_SIGN_ENTITLEMENTS = HexToaster/HexToaster.entitlements;
				CODE_SIGN_IDENTITY = "Developer ID Application";
				CODE_SIGN_STYLE = Manual;
				COPY_PHASE_STRIP = YES;
				DEPLOYMENT_LOCATION = NO;
				DEVELOPMENT_TEAM = 7D3K4AUUW9;
				GCC_ENABLE_FIX_AND_CONTINUE = NO;
				GCC_ENABLE_TRIGRAPHS = NO;
				GCC_GENERATE_DEBUGGING_SYMBOLS = NO;
				GCC_PRECOMPILE_PREFIX_HEADER = YES;
				GCC_PREFIX_HEADER = HexToaster/HexToaster_Prefix.pch;
				GCC_WARN_ABOUT_MISSING_PROTOTYPES = NO;
				GCC_WARN_FOUR_CHARACTER_CONSTANTS = NO;
				GCC_WARN_UNKNOWN_PRAGMAS = NO;
				INFOPLIST_FILE = "$(SRCROOT)/HexToaster/Info.plist";
				LIBRARY_STYLE = STATIC;
				MACOSX_DEPLOYMENT_TARGET = 10.9;
				OTHER_CFLAGS = "";
				OTHER_LDFLAGS = "";
				PRODUCT_BUNDLE_IDENTIFIER = org.toast442.HexToaster;
				PRODUCT_NAME = HexToaster;
				PROVISIONING_PROFILE_SPECIFIER = "";
				SECTORDER_FLAGS = "";
				WARNING_CFLAGS = (
					"-Wmost",
					"-Wno-four-char-constants",
					"-Wno-unknown-pragmas",
				);
				WRAPPER_EXTENSION = app;
				ZERO_LINK = NO;
			};
			name = Deployment;
		};
		8250ADFF097EA7A100CB08AD /* Default */ = {
			isa = XCBuildConfiguration;
			buildSettings = {
				CODE_SIGN_ENTITLEMENTS = HexToaster/HexToaster.entitlements;
				CODE_SIGN_IDENTITY = "Developer ID Application";
				CODE_SIGN_STYLE = Manual;
				DEVELOPMENT_TEAM = 7D3K4AUUW9;
				GCC_ENABLE_TRIGRAPHS = NO;
				GCC_GENERATE_DEBUGGING_SYMBOLS = NO;
				GCC_PRECOMPILE_PREFIX_HEADER = YES;
				GCC_PREFIX_HEADER = HexToaster/HexToaster_Prefix.pch;
				GCC_WARN_ABOUT_MISSING_PROTOTYPES = NO;
				GCC_WARN_FOUR_CHARACTER_CONSTANTS = NO;
				GCC_WARN_UNKNOWN_PRAGMAS = NO;
				INFOPLIST_FILE = "$(SRCROOT)/HexToaster/Info.plist";
				MACOSX_DEPLOYMENT_TARGET = 10.9;
				OTHER_CFLAGS = "";
				OTHER_LDFLAGS = "";
				PRODUCT_BUNDLE_IDENTIFIER = org.toast442.HexToaster;
				PRODUCT_NAME = HexToaster;
				PROVISIONING_PROFILE_SPECIFIER = "";
				SECTORDER_FLAGS = "";
				WARNING_CFLAGS = (
					"-Wmost",
					"-Wno-four-char-constants",
					"-Wno-unknown-pragmas",
				);
				WRAPPER_EXTENSION = app;
				ZERO_LINK = NO;
			};
			name = Default;
		};
		8250AE01097EA7A100CB08AD /* Development */ = {
			isa = XCBuildConfiguration;
			buildSettings = {
				ARCHS = "$(ARCHS_STANDARD)";
				HEADER_SEARCH_PATHS = /usr/local/include;
				LIBRARY_SEARCH_PATHS = /usr/local/lib;
				MACOSX_DEPLOYMENT_TARGET = 10.10;
				SDKROOT = macosx;
				VALID_ARCHS = x86_64;
			};
			name = Development;
		};
		8250AE02097EA7A100CB08AD /* Deployment */ = {
			isa = XCBuildConfiguration;
			buildSettings = {
				ARCHS = "$(ARCHS_STANDARD)";
				HEADER_SEARCH_PATHS = /usr/local/include;
				LIBRARY_SEARCH_PATHS = /usr/local/lib;
				MACOSX_DEPLOYMENT_TARGET = 10.10;
				SDKROOT = macosx;
				VALID_ARCHS = x86_64;
			};
			name = Deployment;
		};
		8250AE03097EA7A100CB08AD /* Default */ = {
			isa = XCBuildConfiguration;
			buildSettings = {
				ARCHS = "$(ARCHS_STANDARD)";
				HEADER_SEARCH_PATHS = /usr/local/include;
				LIBRARY_SEARCH_PATHS = /usr/local/lib;
				MACOSX_DEPLOYMENT_TARGET = 10.10;
				SDKROOT = macosx;
				VALID_ARCHS = x86_64;
			};
			name = Default;
		};
/* End XCBuildConfiguration section */

/* Begin XCConfigurationList section */
		8250ADFC097EA7A100CB08AD /* Build configuration list for PBXNativeTarget "HexToaster" */ = {
			isa = XCConfigurationList;
			buildConfigurations = (
				8250ADFD097EA7A100CB08AD /* Development */,
				8250ADFE097EA7A100CB08AD /* Deployment */,
				8250ADFF097EA7A100CB08AD /* Default */,
			);
			defaultConfigurationIsVisible = 0;
			defaultConfigurationName = Default;
		};
		8250AE00097EA7A100CB08AD /* Build configuration list for PBXProject "HexToaster" */ = {
			isa = XCConfigurationList;
			buildConfigurations = (
				8250AE01097EA7A100CB08AD /* Development */,
				8250AE02097EA7A100CB08AD /* Deployment */,
				8250AE03097EA7A100CB08AD /* Default */,
			);
			defaultConfigurationIsVisible = 0;
			defaultConfigurationName = Default;
		};
/* End XCConfigurationList section */
	};
	rootObject = 29B97313FDCFA39411CA2CEA /* Project object */;
}
